
Microsoft Visual Studio Solution File, Format Version 12.00
# Visual Studio 2012
Project("{FAE04EC0-301F-11D3-BF4B-00C04F79EFBC}") = "VelociRead", "VelociRead\VelociRead.csproj", "{DB74368F-8AA6-41AB-BF8A-7613BA74FDB2}"
EndProject
Project("{FAE04EC0-301F-11D3-BF4B-00C04F79EFBC}") = "TextSources", "TextSources\TextSources.csproj", "{EF81124C-4C1A-4949-949F-E5445A199F54}"
EndProject
Project("{FAE04EC0-301F-11D3-BF4B-00C04F79EFBC}") = "TextSources.UnitTests", "TextSources.UnitTests\TextSources.UnitTests.csproj", "{AD6A31F0-CF28-4EB1-B1DE-EE3EDBC31CA4}"
EndProject
Project("{FAE04EC0-301F-11D3-BF4B-00C04F79EFBC}") = "VelociRead.UnitTests", "VelociRead.UnitTests\VelociRead.UnitTests.csproj", "{72531419-0368-4E83-8C49-5F5EB598DBAC}"
EndProject
Project("{FAE04EC0-301F-11D3-BF4B-00C04F79EFBC}") = "TextSources.TestUtilities", "TextSources.TestUtilities\TextSources.TestUtilities.csproj", "{C3D3C2D9-A561-44C6-8720-10585F983A1B}"
EndProject
Project("{FAE04EC0-301F-11D3-BF4B-00C04F79EFBC}") = "VelociRead.TestUtilities", "VelociRead.TestUtilities\VelociRead.TestUtilities.csproj", "{54121867-C0AD-4358-B013-024E9031B09A}"
EndProject
Global
	GlobalSection(SolutionConfigurationPlatforms) = preSolution
		Debug|Any CPU = Debug|Any CPU
		Release|Any CPU = Release|Any CPU
	EndGlobalSection
	GlobalSection(ProjectConfigurationPlatforms) = postSolution
		{DB74368F-8AA6-41AB-BF8A-7613BA74FDB2}.Debug|Any CPU.ActiveCfg = Debug|Any CPU
		{DB74368F-8AA6-41AB-BF8A-7613BA74FDB2}.Debug|Any CPU.Build.0 = Debug|Any CPU
		{DB74368F-8AA6-41AB-BF8A-7613BA74FDB2}.Release|Any CPU.ActiveCfg = Release|Any CPU
		{DB74368F-8AA6-41AB-BF8A-7613BA74FDB2}.Release|Any CPU.Build.0 = Release|Any CPU
		{EF81124C-4C1A-4949-949F-E5445A199F54}.Debug|Any CPU.ActiveCfg = Debug|Any CPU
		{EF81124C-4C1A-4949-949F-E5445A199F54}.Debug|Any CPU.Build.0 = Debug|Any CPU
		{EF81124C-4C1A-4949-949F-E5445A199F54}.Release|Any CPU.ActiveCfg = Release|Any CPU
		{EF81124C-4C1A-4949-949F-E5445A199F54}.Release|Any CPU.Build.0 = Release|Any CPU
		{AD6A31F0-CF28-4EB1-B1DE-EE3EDBC31CA4}.Debug|Any CPU.ActiveCfg = Debug|Any CPU
		{AD6A31F0-CF28-4EB1-B1DE-EE3EDBC31CA4}.Debug|Any CPU.Build.0 = Debug|Any CPU
		{AD6A31F0-CF28-4EB1-B1DE-EE3EDBC31CA4}.Release|Any CPU.ActiveCfg = Release|Any CPU
		{AD6A31F0-CF28-4EB1-B1DE-EE3EDBC31CA4}.Release|Any CPU.Build.0 = Release|Any CPU
		{72531419-0368-4E83-8C49-5F5EB598DBAC}.Debug|Any CPU.ActiveCfg = Debug|Any CPU
		{72531419-0368-4E83-8C49-5F5EB598DBAC}.Debug|Any CPU.Build.0 = Debug|Any CPU
		{72531419-0368-4E83-8C49-5F5EB598DBAC}.Release|Any CPU.ActiveCfg = Release|Any CPU
		{72531419-0368-4E83-8C49-5F5EB598DBAC}.Release|Any CPU.Build.0 = Release|Any CPU
		{C3D3C2D9-A561-44C6-8720-10585F983A1B}.Debug|Any CPU.ActiveCfg = Debug|Any CPU
		{C3D3C2D9-A561-44C6-8720-10585F983A1B}.Debug|Any CPU.Build.0 = Debug|Any CPU
		{C3D3C2D9-A561-44C6-8720-10585F983A1B}.Release|Any CPU.ActiveCfg = Release|Any CPU
		{C3D3C2D9-A561-44C6-8720-10585F983A1B}.Release|Any CPU.Build.0 = Release|Any CPU
		{54121867-C0AD-4358-B013-024E9031B09A}.Debug|Any CPU.ActiveCfg = Debug|Any CPU
		{54121867-C0AD-4358-B013-024E9031B09A}.Debug|Any CPU.Build.0 = Debug|Any CPU
		{54121867-C0AD-4358-B013-024E9031B09A}.Release|Any CPU.ActiveCfg = Release|Any CPU
		{54121867-C0AD-4358-B013-024E9031B09A}.Release|Any CPU.Build.0 = Release|Any CPU
	EndGlobalSection
	GlobalSection(SolutionProperties) = preSolution
		HideSolutionNode = FALSE
	EndGlobalSection
EndGlobal
